// !$*UTF8*$!
{
	archiveVersion = 1;
	classes = {
	};
	objectVersion = 46;
	objects = {

/* Begin PBXBuildFile section */
		A6D3DB641D790B7800A1B27B /* main.m in Sources */ = {isa = PBXBuildFile; fileRef = A6D3DB631D790B7800A1B27B /* main.m */; };
		A6D3DB671D790B7800A1B27B /* AppDelegate.m in Sources */ = {isa = PBXBuildFile; fileRef = A6D3DB661D790B7800A1B27B /* AppDelegate.m */; };
		A6D3DB6A1D790B7800A1B27B /* ViewController.m in Sources */ = {isa = PBXBuildFile; fileRef = A6D3DB691D790B7800A1B27B /* ViewController.m */; };
		A6D3DB6D1D790B7800A1B27B /* Main.storyboard in Resources */ = {isa = PBXBuildFile; fileRef = A6D3DB6B1D790B7800A1B27B /* Main.storyboard */; };
		A6D3DB6F1D790B7800A1B27B /* Assets.xcassets in Resources */ = {isa = PBXBuildFile; fileRef = A6D3DB6E1D790B7800A1B27B /* Assets.xcassets */; };
		A6D3DB721D790B7800A1B27B /* LaunchScreen.storyboard in Resources */ = {isa = PBXBuildFile; fileRef = A6D3DB701D790B7800A1B27B /* LaunchScreen.storyboard */; };
		A6D3DB7D1D790B7800A1B27B /* UITableView____Tests.m in Sources */ = {isa = PBXBuildFile; fileRef = A6D3DB7C1D790B7800A1B27B /* UITableView____Tests.m */; };
		A6D3DB881D790B7900A1B27B /* UITableView____UITests.m in Sources */ = {isa = PBXBuildFile; fileRef = A6D3DB871D790B7900A1B27B /* UITableView____UITests.m */; };
		A6D3DB981D790DAD00A1B27B /* GFMultipleColumnsTVCell.m in Sources */ = {isa = PBXBuildFile; fileRef = A6D3DB971D790DAD00A1B27B /* GFMultipleColumnsTVCell.m */; };
		A6D3DB9C1D79195F00A1B27B /* GFMCTableViewCell.m in Sources */ = {isa = PBXBuildFile; fileRef = A6D3DB9A1D79195F00A1B27B /* GFMCTableViewCell.m */; };
		A6D3DB9D1D79195F00A1B27B /* GFMCTableViewCell.xib in Resources */ = {isa = PBXBuildFile; fileRef = A6D3DB9B1D79195F00A1B27B /* GFMCTableViewCell.xib */; };
/* End PBXBuildFile section */

/* Begin PBXContainerItemProxy section */
		A6D3DB791D790B7800A1B27B /* PBXContainerItemProxy */ = {
			isa = PBXContainerItemProxy;
			containerPortal = A6D3DB571D790B7700A1B27B /* Project object */;
			proxyType = 1;
			remoteGlobalIDString = A6D3DB5E1D790B7800A1B27B;
			remoteInfo = "UITableView多列展示";
		};
		A6D3DB841D790B7800A1B27B /* PBXContainerItemProxy */ = {
			isa = PBXContainerItemProxy;
			containerPortal = A6D3DB571D790B7700A1B27B /* Project object */;
			proxyType = 1;
			remoteGlobalIDString = A6D3DB5E1D790B7800A1B27B;
			remoteInfo = "UITableView多列展示";
		};
/* End PBXContainerItemProxy section */

/* Begin PBXFileReference section */
		A6D3DB5F1D790B7800A1B27B /* UITableView多列展示.app */ = {isa = PBXFileReference; explicitFileType = wrapper.application; includeInIndex = 0; path = "UITableView多列展示.app"; sourceTree = BUILT_PRODUCTS_DIR; };
		A6D3DB631D790B7800A1B27B /* main.m */ = {isa = PBXFileReference; lastKnownFileType = sourcecode.c.objc; path = main.m; sourceTree = "<group>"; };
		A6D3DB651D790B7800A1B27B /* AppDelegate.h */ = {isa = PBXFileReference; lastKnownFileType = sourcecode.c.h; path = AppDelegate.h; sourceTree = "<group>"; };
		A6D3DB661D790B7800A1B27B /* AppDelegate.m */ = {isa = PBXFileReference; lastKnownFileType = sourcecode.c.objc; path = AppDelegate.m; sourceTree = "<group>"; };
		A6D3DB681D790B7800A1B27B /* ViewController.h */ = {isa = PBXFileReference; lastKnownFileType = sourcecode.c.h; path = ViewController.h; sourceTree = "<group>"; };
		A6D3DB691D790B7800A1B27B /* ViewController.m */ = {isa = PBXFileReference; lastKnownFileType = sourcecode.c.objc; path = ViewController.m; sourceTree = "<group>"; };
		A6D3DB6C1D790B7800A1B27B /* Base */ = {isa = PBXFileReference; lastKnownFileType = file.storyboard; name = Base; path = Base.lproj/Main.storyboard; sourceTree = "<group>"; };
		A6D3DB6E1D790B7800A1B27B /* Assets.xcassets */ = {isa = PBXFileReference; lastKnownFileType = folder.assetcatalog; path = Assets.xcassets; sourceTree = "<group>"; };
		A6D3DB711D790B7800A1B27B /* Base */ = {isa = PBXFileReference; lastKnownFileType = file.storyboard; name = Base; path = Base.lproj/LaunchScreen.storyboard; sourceTree = "<group>"; };
		A6D3DB731D790B7800A1B27B /* Info.plist */ = {isa = PBXFileReference; lastKnownFileType = text.plist.xml; path = Info.plist; sourceTree = "<group>"; };
		A6D3DB781D790B7800A1B27B /* UITableView多列展示Tests.xctest */ = {isa = PBXFileReference; explicitFileType = wrapper.cfbundle; includeInIndex = 0; path = "UITableView多列展示Tests.xctest"; sourceTree = BUILT_PRODUCTS_DIR; };
		A6D3DB7C1D790B7800A1B27B /* UITableView____Tests.m */ = {isa = PBXFileReference; lastKnownFileType = sourcecode.c.objc; path = "UITableView____Tests.m"; sourceTree = "<group>"; };
		A6D3DB7E1D790B7800A1B27B /* Info.plist */ = {isa = PBXFileReference; lastKnownFileType = text.plist.xml; path = Info.plist; sourceTree = "<group>"; };
		A6D3DB831D790B7800A1B27B /* UITableView多列展示UITests.xctest */ = {isa = PBXFileReference; explicitFileType = wrapper.cfbundle; includeInIndex = 0; path = "UITableView多列展示UITests.xctest"; sourceTree = BUILT_PRODUCTS_DIR; };
		A6D3DB871D790B7900A1B27B /* UITableView____UITests.m */ = {isa = PBXFileReference; lastKnownFileType = sourcecode.c.objc; path = "UITableView____UITests.m"; sourceTree = "<group>"; };
		A6D3DB891D790B7900A1B27B /* Info.plist */ = {isa = PBXFileReference; lastKnownFileType = text.plist.xml; path = Info.plist; sourceTree = "<group>"; };
		A6D3DB961D790DAD00A1B27B /* GFMultipleColumnsTVCell.h */ = {isa = PBXFileReference; fileEncoding = 4; lastKnownFileType = sourcecode.c.h; path = GFMultipleColumnsTVCell.h; sourceTree = "<group>"; };
		A6D3DB971D790DAD00A1B27B /* GFMultipleColumnsTVCell.m */ = {isa = PBXFileReference; fileEncoding = 4; lastKnownFileType = sourcecode.c.objc; path = GFMultipleColumnsTVCell.m; sourceTree = "<group>"; };
		A6D3DB991D79195F00A1B27B /* GFMCTableViewCell.h */ = {isa = PBXFileReference; fileEncoding = 4; lastKnownFileType = sourcecode.c.h; path = GFMCTableViewCell.h; sourceTree = "<group>"; };
		A6D3DB9A1D79195F00A1B27B /* GFMCTableViewCell.m */ = {isa = PBXFileReference; fileEncoding = 4; lastKnownFileType = sourcecode.c.objc; path = GFMCTableViewCell.m; sourceTree = "<group>"; };
		A6D3DB9B1D79195F00A1B27B /* GFMCTableViewCell.xib */ = {isa = PBXFileReference; fileEncoding = 4; lastKnownFileType = file.xib; path = GFMCTableViewCell.xib; sourceTree = "<group>"; };
/* End PBXFileReference section */

/* Begin PBXFrameworksBuildPhase section */
		A6D3DB5C1D790B7800A1B27B /* Frameworks */ = {
			isa = PBXFrameworksBuildPhase;
			buildActionMask = 2147483647;
			files = (
			);
			runOnlyForDeploymentPostprocessing = 0;
		};
		A6D3DB751D790B7800A1B27B /* Frameworks */ = {
			isa = PBXFrameworksBuildPhase;
			buildActionMask = 2147483647;
			files = (
			);
			runOnlyForDeploymentPostprocessing = 0;
		};
		A6D3DB801D790B7800A1B27B /* Frameworks */ = {
			isa = PBXFrameworksBuildPhase;
			buildActionMask = 2147483647;
			files = (
			);
			runOnlyForDeploymentPostprocessing = 0;
		};
/* End PBXFrameworksBuildPhase section */

/* Begin PBXGroup section */
		A6D3DB561D790B7700A1B27B = {
			isa = PBXGroup;
			children = (
				A6D3DB611D790B7800A1B27B /* UITableView多列展示 */,
				A6D3DB7B1D790B7800A1B27B /* UITableView多列展示Tests */,
				A6D3DB861D790B7800A1B27B /* UITableView多列展示UITests */,
				A6D3DB601D790B7800A1B27B /* Products */,
			);
			sourceTree = "<group>";
		};
		A6D3DB601D790B7800A1B27B /* Products */ = {
			isa = PBXGroup;
			children = (
				A6D3DB5F1D790B7800A1B27B /* UITableView多列展示.app */,
				A6D3DB781D790B7800A1B27B /* UITableView多列展示Tests.xctest */,
				A6D3DB831D790B7800A1B27B /* UITableView多列展示UITests.xctest */,
			);
			name = Products;
			sourceTree = "<group>";
		};
		A6D3DB611D790B7800A1B27B /* UITableView多列展示 */ = {
			isa = PBXGroup;
			children = (
				A6D3DB951D790D7A00A1B27B /* MultipleColumns */,
				A6D3DB651D790B7800A1B27B /* AppDelegate.h */,
				A6D3DB661D790B7800A1B27B /* AppDelegate.m */,
				A6D3DB681D790B7800A1B27B /* ViewController.h */,
				A6D3DB691D790B7800A1B27B /* ViewController.m */,
				A6D3DB991D79195F00A1B27B /* GFMCTableViewCell.h */,
				A6D3DB9A1D79195F00A1B27B /* GFMCTableViewCell.m */,
				A6D3DB9B1D79195F00A1B27B /* GFMCTableViewCell.xib */,
				A6D3DB6B1D790B7800A1B27B /* Main.storyboard */,
				A6D3DB6E1D790B7800A1B27B /* Assets.xcassets */,
				A6D3DB701D790B7800A1B27B /* LaunchScreen.storyboard */,
				A6D3DB731D790B7800A1B27B /* Info.plist */,
				A6D3DB621D790B7800A1B27B /* Supporting Files */,
			);
			path = "UITableView多列展示";
			sourceTree = "<group>";
		};
		A6D3DB621D790B7800A1B27B /* Supporting Files */ = {
			isa = PBXGroup;
			children = (
				A6D3DB631D790B7800A1B27B /* main.m */,
			);
			name = "Supporting Files";
			sourceTree = "<group>";
		};
		A6D3DB7B1D790B7800A1B27B /* UITableView多列展示Tests */ = {
			isa = PBXGroup;
			children = (
				A6D3DB7C1D790B7800A1B27B /* UITableView____Tests.m */,
				A6D3DB7E1D790B7800A1B27B /* Info.plist */,
			);
			path = "UITableView多列展示Tests";
			sourceTree = "<group>";
		};
		A6D3DB861D790B7800A1B27B /* UITableView多列展示UITests */ = {
			isa = PBXGroup;
			children = (
				A6D3DB871D790B7900A1B27B /* UITableView____UITests.m */,
				A6D3DB891D790B7900A1B27B /* Info.plist */,
			);
			path = "UITableView多列展示UITests";
			sourceTree = "<group>";
		};
		A6D3DB951D790D7A00A1B27B /* MultipleColumns */ = {
			isa = PBXGroup;
			children = (
				A6D3DB961D790DAD00A1B27B /* GFMultipleColumnsTVCell.h */,
				A6D3DB971D790DAD00A1B27B /* GFMultipleColumnsTVCell.m */,
			);
			path = MultipleColumns;
			sourceTree = "<group>";
		};
/* End PBXGroup section */

/* Begin PBXNativeTarget section */
		A6D3DB5E1D790B7800A1B27B /* UITableView多列展示 */ = {
			isa = PBXNativeTarget;
			buildConfigurationList = A6D3DB8C1D790B7900A1B27B /* Build configuration list for PBXNativeTarget "UITableView多列展示" */;
			buildPhases = (
				A6D3DB5B1D790B7800A1B27B /* Sources */,
				A6D3DB5C1D790B7800A1B27B /* Frameworks */,
				A6D3DB5D1D790B7800A1B27B /* Resources */,
			);
			buildRules = (
			);
			dependencies = (
			);
			name = "UITableView多列展示";
			productName = "UITableView多列展示";
			productReference = A6D3DB5F1D790B7800A1B27B /* UITableView多列展示.app */;
			productType = "com.apple.product-type.application";
		};
		A6D3DB771D790B7800A1B27B /* UITableView多列展示Tests */ = {
			isa = PBXNativeTarget;
			buildConfigurationList = A6D3DB8F1D790B7900A1B27B /* Build configuration list for PBXNativeTarget "UITableView多列展示Tests" */;
			buildPhases = (
				A6D3DB741D790B7800A1B27B /* Sources */,
				A6D3DB751D790B7800A1B27B /* Frameworks */,
				A6D3DB761D790B7800A1B27B /* Resources */,
			);
			buildRules = (
			);
			dependencies = (
				A6D3DB7A1D790B7800A1B27B /* PBXTargetDependency */,
			);
			name = "UITableView多列展示Tests";
			productName = "UITableView多列展示Tests";
			productReference = A6D3DB781D790B7800A1B27B /* UITableView多列展示Tests.xctest */;
			productType = "com.apple.product-type.bundle.unit-test";
		};
		A6D3DB821D790B7800A1B27B /* UITableView多列展示UITests */ = {
			isa = PBXNativeTarget;
			buildConfigurationList = A6D3DB921D790B7900A1B27B /* Build configuration list for PBXNativeTarget "UITableView多列展示UITests" */;
			buildPhases = (
				A6D3DB7F1D790B7800A1B27B /* Sources */,
				A6D3DB801D790B7800A1B27B /* Frameworks */,
				A6D3DB811D790B7800A1B27B /* Resources */,
			);
			buildRules = (
			);
			dependencies = (
				A6D3DB851D790B7800A1B27B /* PBXTargetDependency */,
			);
			name = "UITableView多列展示UITests";
			productName = "UITableView多列展示UITests";
			productReference = A6D3DB831D790B7800A1B27B /* UITableView多列展示UITests.xctest */;
			productType = "com.apple.product-type.bundle.ui-testing";
		};
/* End PBXNativeTarget section */

/* Begin PBXProject section */
		A6D3DB571D790B7700A1B27B /* Project object */ = {
			isa = PBXProject;
			attributes = {
				LastUpgradeCheck = 0730;
				ORGANIZATIONNAME = GaoFei;
				TargetAttributes = {
					A6D3DB5E1D790B7800A1B27B = {
						CreatedOnToolsVersion = 7.3.1;
						DevelopmentTeam = XQAXV8H896;
					};
					A6D3DB771D790B7800A1B27B = {
						CreatedOnToolsVersion = 7.3.1;
						DevelopmentTeam = XQAXV8H896;
						TestTargetID = A6D3DB5E1D790B7800A1B27B;
					};
					A6D3DB821D790B7800A1B27B = {
						CreatedOnToolsVersion = 7.3.1;
						DevelopmentTeam = XQAXV8H896;
						TestTargetID = A6D3DB5E1D790B7800A1B27B;
					};
				};
			};
			buildConfigurationList = A6D3DB5A1D790B7700A1B27B /* Build configuration list for PBXProject "UITableView多列展示" */;
			compatibilityVersion = "Xcode 3.2";
			developmentRegion = English;
			hasScannedForEncodings = 0;
			knownRegions = (
				en,
				Base,
			);
			mainGroup = A6D3DB561D790B7700A1B27B;
			productRefGroup = A6D3DB601D790B7800A1B27B /* Products */;
			projectDirPath = "";
			projectRoot = "";
			targets = (
				A6D3DB5E1D790B7800A1B27B /* UITableView多列展示 */,
				A6D3DB771D790B7800A1B27B /* UITableView多列展示Tests */,
				A6D3DB821D790B7800A1B27B /* UITableView多列展示UITests */,
			);
		};
/* End PBXProject section */

/* Begin PBXResourcesBuildPhase section */
		A6D3DB5D1D790B7800A1B27B /* Resources */ = {
			isa = PBXResourcesBuildPhase;
			buildActionMask = 2147483647;
			files = (
				A6D3DB721D790B7800A1B27B /* LaunchScreen.storyboard in Resources */,
				A6D3DB6F1D790B7800A1B27B /* Assets.xcassets in Resources */,
				A6D3DB9D1D79195F00A1B27B /* GFMCTableViewCell.xib in Resources */,
				A6D3DB6D1D790B7800A1B27B /* Main.storyboard in Resources */,
			);
			runOnlyForDeploymentPostprocessing = 0;
		};
		A6D3DB761D790B7800A1B27B /* Resources */ = {
			isa = PBXResourcesBuildPhase;
			buildActionMask = 2147483647;
			files = (
			);
			runOnlyForDeploymentPostprocessing = 0;
		};
		A6D3DB811D790B7800A1B27B /* Resources */ = {
			isa = PBXResourcesBuildPhase;
			buildActionMask = 2147483647;
			files = (
			);
			runOnlyForDeploymentPostprocessing = 0;
		};
/* End PBXResourcesBuildPhase section */

/* Begin PBXSourcesBuildPhase section */
		A6D3DB5B1D790B7800A1B27B /* Sources */ = {
			isa = PBXSourcesBuildPhase;
			buildActionMask = 2147483647;
			files = (
				A6D3DB981D790DAD00A1B27B /* GFMultipleColumnsTVCell.m in Sources */,
				A6D3DB6A1D790B7800A1B27B /* ViewController.m in Sources */,
				A6D3DB9C1D79195F00A1B27B /* GFMCTableViewCell.m in Sources */,
				A6D3DB671D790B7800A1B27B /* AppDelegate.m in Sources */,
				A6D3DB641D790B7800A1B27B /* main.m in Sources */,
			);
			runOnlyForDeploymentPostprocessing = 0;
		};
		A6D3DB741D790B7800A1B27B /* Sources */ = {
			isa = PBXSourcesBuildPhase;
			buildActionMask = 2147483647;
			files = (
				A6D3DB7D1D790B7800A1B27B /* UITableView____Tests.m in Sources */,
			);
			runOnlyForDeploymentPostprocessing = 0;
		};
		A6D3DB7F1D790B7800A1B27B /* Sources */ = {
			isa = PBXSourcesBuildPhase;
			buildActionMask = 2147483647;
			files = (
				A6D3DB881D790B7900A1B27B /* UITableView____UITests.m in Sources */,
			);
			runOnlyForDeploymentPostprocessing = 0;
		};
/* End PBXSourcesBuildPhase section */

/* Begin PBXTargetDependency section */
		A6D3DB7A1D790B7800A1B27B /* PBXTargetDependency */ = {
			isa = PBXTargetDependency;
			target = A6D3DB5E1D790B7800A1B27B /* UITableView多列展示 */;
			targetProxy = A6D3DB791D790B7800A1B27B /* PBXContainerItemProxy */;
		};
		A6D3DB851D790B7800A1B27B /* PBXTargetDependency */ = {
			isa = PBXTargetDependency;
			target = A6D3DB5E1D790B7800A1B27B /* UITableView多列展示 */;
			targetProxy = A6D3DB841D790B7800A1B27B /* PBXContainerItemProxy */;
		};
/* End PBXTargetDependency section */

/* Begin PBXVariantGroup section */
		A6D3DB6B1D790B7800A1B27B /* Main.storyboard */ = {
			isa = PBXVariantGroup;
			children = (
				A6D3DB6C1D790B7800A1B27B /* Base */,
			);
			name = Main.storyboard;
			sourceTree = "<group>";
		};
		A6D3DB701D790B7800A1B27B /* LaunchScreen.storyboard */ = {
			isa = PBXVariantGroup;
			children = (
				A6D3DB711D790B7800A1B27B /* Base */,
			);
			name = LaunchScreen.storyboard;
			sourceTree = "<group>";
		};
/* End PBXVariantGroup section */

/* Begin XCBuildConfiguration section */
		A6D3DB8A1D790B7900A1B27B /* Debug */ = {
			isa = XCBuildConfiguration;
			buildSettings = {
				ALWAYS_SEARCH_USER_PATHS = NO;
				CLANG_ANALYZER_NONNULL = YES;
				CLANG_CXX_LANGUAGE_STANDARD = "gnu++0x";
				CLANG_CXX_LIBRARY = "libc++";
				CLANG_ENABLE_MODULES = YES;
				CLANG_ENABLE_OBJC_ARC = YES;
				CLANG_WARN_BOOL_CONVERSION = YES;
				CLANG_WARN_CONSTANT_CONVERSION = YES;
				CLANG_WARN_DIRECT_OBJC_ISA_USAGE = YES_ERROR;
				CLANG_WARN_EMPTY_BODY = YES;
				CLANG_WARN_ENUM_CONVERSION = YES;
				CLANG_WARN_INT_CONVERSION = YES;
				CLANG_WARN_OBJC_ROOT_CLASS = YES_ERROR;
				CLANG_WARN_UNREACHABLE_CODE = YES;
				CLANG_WARN__DUPLICATE_METHOD_MATCH = YES;
				"CODE_SIGN_IDENTITY[sdk=iphoneos*]" = "iPhone Developer";
				COPY_PHASE_STRIP = NO;
				DEBUG_INFORMATION_FORMAT = dwarf;
				ENABLE_STRICT_OBJC_MSGSEND = YES;
				ENABLE_TESTABILITY = YES;
				GCC_C_LANGUAGE_STANDARD = gnu99;
				GCC_DYNAMIC_NO_PIC = NO;
				GCC_NO_COMMON_BLOCKS = YES;
				GCC_OPTIMIZATION_LEVEL = 0;
				GCC_PREPROCESSOR_DEFINITIONS = (
					"DEBUG=1",
					"$(inherited)",
				);
				GCC_WARN_64_TO_32_BIT_CONVERSION = YES;
				GCC_WARN_ABOUT_RETURN_TYPE = YES_ERROR;
				GCC_WARN_UNDECLARED_SELECTOR = YES;
				GCC_WARN_UNINITIALIZED_AUTOS = YES_AGGRESSIVE;
				GCC_WARN_UNUSED_FUNCTION = YES;
				GCC_WARN_UNUSED_VARIABLE = YES;
				IPHONEOS_DEPLOYMENT_TARGET = 9.3;
				MTL_ENABLE_DEBUG_INFO = YES;
				ONLY_ACTIVE_ARCH = YES;
				SDKROOT = iphoneos;
				TARGETED_DEVICE_FAMILY = "1,2";
			};
			name = Debug;
		};
		A6D3DB8B1D790B7900A1B27B /* Release */ = {
			isa = XCBuildConfiguration;
			buildSettings = {
				ALWAYS_SEARCH_USER_PATHS = NO;
				CLANG_ANALYZER_NONNULL = YES;
				CLANG_CXX_LANGUAGE_STANDARD = "gnu++0x";
				CLANG_CXX_LIBRARY = "libc++";
				CLANG_ENABLE_MODULES = YES;
				CLANG_ENABLE_OBJC_ARC = YES;
				CLANG_WARN_BOOL_CONVERSION = YES;
				CLANG_WARN_CONSTANT_CONVERSION = YES;
				CLANG_WARN_DIRECT_OBJC_ISA_USAGE = YES_ERROR;
				CLANG_WARN_EMPTY_BODY = YES;
				CLANG_WARN_ENUM_CONVERSION = YES;
				CLANG_WARN_INT_CONVERSION = YES;
				CLANG_WARN_OBJC_ROOT_CLASS = YES_ERROR;
				CLANG_WARN_UNREACHABLE_CODE = YES;
				CLANG_WARN__DUPLICATE_METHOD_MATCH = YES;
				"CODE_SIGN_IDENTITY[sdk=iphoneos*]" = "iPhone Developer";
				COPY_PHASE_STRIP = NO;
				DEBUG_INFORMATION_FORMAT = "dwarf-with-dsym";
				ENABLE_NS_ASSERTIONS = NO;
				ENABLE_STRICT_OBJC_MSGSEND = YES;
				GCC_C_LANGUAGE_STANDARD = gnu99;
				GCC_NO_COMMON_BLOCKS = YES;
				GCC_WARN_64_TO_32_BIT_CONVERSION = YES;
				GCC_WARN_ABOUT_RETURN_TYPE = YES_ERROR;
				GCC_WARN_UNDECLARED_SELECTOR = YES;
				GCC_WARN_UNINITIALIZED_AUTOS = YES_AGGRESSIVE;
				GCC_WARN_UNUSED_FUNCTION = YES;
				GCC_WARN_UNUSED_VARIABLE = YES;
				IPHONEOS_DEPLOYMENT_TARGET = 9.3;
				MTL_ENABLE_DEBUG_INFO = NO;
				SDKROOT = iphoneos;
				TARGETED_DEVICE_FAMILY = "1,2";
				VALIDATE_PRODUCT = YES;
			};
			name = Release;
		};
		A6D3DB8D1D790B7900A1B27B /* Debug */ = {
			isa = XCBuildConfiguration;
			buildSettings = {
				ASSETCATALOG_COMPILER_APPICON_NAME = AppIcon;
				INFOPLIST_FILE = "UITableView多列展示/Info.plist";
				LD_RUNPATH_SEARCH_PATHS = "$(inherited) @executable_path/Frameworks";
				PRODUCT_BUNDLE_IDENTIFIER = "gf.UITableView----";
				PRODUCT_NAME = "$(TARGET_NAME)";
			};
			name = Debug;
		};
		A6D3DB8E1D790B7900A1B27B /* Release */ = {
			isa = XCBuildConfiguration;
			buildSettings = {
				ASSETCATALOG_COMPILER_APPICON_NAME = AppIcon;
				INFOPLIST_FILE = "UITableView多列展示/Info.plist";
				LD_RUNPATH_SEARCH_PATHS = "$(inherited) @executable_path/Frameworks";
				PRODUCT_BUNDLE_IDENTIFIER = "gf.UITableView----";
				PRODUCT_NAME = "$(TARGET_NAME)";
			};
			name = Release;
		};
		A6D3DB901D790B7900A1B27B /* Debug */ = {
			isa = XCBuildConfiguration;
			buildSettings = {
				BUNDLE_LOADER = "$(TEST_HOST)";
				INFOPLIST_FILE = "UITableView多列展示Tests/Info.plist";
				LD_RUNPATH_SEARCH_PATHS = "$(inherited) @executable_path/Frameworks @loader_path/Frameworks";
				PRODUCT_BUNDLE_IDENTIFIER = "gf.UITableView----Tests";
				PRODUCT_NAME = "$(TARGET_NAME)";
				TEST_HOST = "$(BUILT_PRODUCTS_DIR)/UITableView多列展示.app/UITableView多列展示";
			};
			name = Debug;
		};
		A6D3DB911D790B7900A1B27B /* Release */ = {
			isa = XCBuildConfiguration;
			buildSettings = {
				BUNDLE_LOADER = "$(TEST_HOST)";
				INFOPLIST_FILE = "UITableView多列展示Tests/Info.plist";
				LD_RUNPATH_SEARCH_PATHS = "$(inherited) @executable_path/Frameworks @loader_path/Frameworks";
				PRODUCT_BUNDLE_IDENTIFIER = "gf.UITableView----Tests";
				PRODUCT_NAME = "$(TARGET_NAME)";
				TEST_HOST = "$(BUILT_PRODUCTS_DIR)/UITableView多列展示.app/UITableView多列展示";
			};
			name = Release;
		};
		A6D3DB931D790B7900A1B27B /* Debug */ = {
			isa = XCBuildConfiguration;
			buildSettings = {
				INFOPLIST_FILE = "UITableView多列展示UITests/Info.plist";
				LD_RUNPATH_SEARCH_PATHS = "$(inherited) @executable_path/Frameworks @loader_path/Frameworks";
				PRODUCT_BUNDLE_IDENTIFIER = "gf.UITableView----UITests";
				PRODUCT_NAME = "$(TARGET_NAME)";
				TEST_TARGET_NAME = "UITableView多列展示";
			};
			name = Debug;
		};
		A6D3DB941D790B7900A1B27B /* Release */ = {
			isa = XCBuildConfiguration;
			buildSettings = {
				INFOPLIST_FILE = "UITableView多列展示UITests/Info.plist";
				LD_RUNPATH_SEARCH_PATHS = "$(inherited) @executable_path/Frameworks @loader_path/Frameworks";
				PRODUCT_BUNDLE_IDENTIFIER = "gf.UITableView----UITests";
				PRODUCT_NAME = "$(TARGET_NAME)";
				TEST_TARGET_NAME = "UITableView多列展示";
			};
			name = Release;
		};
/* End XCBuildConfiguration section */

/* Begin XCConfigurationList section */
		A6D3DB5A1D790B7700A1B27B /* Build configuration list for PBXProject "UITableView多列展示" */ = {
			isa = XCConfigurationList;
			buildConfigurations = (
				A6D3DB8A1D790B7900A1B27B /* Debug */,
				A6D3DB8B1D790B7900A1B27B /* Release */,
			);
			defaultConfigurationIsVisible = 0;
			defaultConfigurationName = Release;
		};
		A6D3DB8C1D790B7900A1B27B /* Build configuration list for PBXNativeTarget "UITableView多列展示" */ = {
			isa = XCConfigurationList;
			buildConfigurations = (
				A6D3DB8D1D790B7900A1B27B /* Debug */,
				A6D3DB8E1D790B7900A1B27B /* Release */,
			);
			defaultConfigurationIsVisible = 0;
		};
		A6D3DB8F1D790B7900A1B27B /* Build configuration list for PBXNativeTarget "UITableView多列展示Tests" */ = {
			isa = XCConfigurationList;
			buildConfigurations = (
				A6D3DB901D790B7900A1B27B /* Debug */,
				A6D3DB911D790B7900A1B27B /* Release */,
			);
			defaultConfigurationIsVisible = 0;
		};
		A6D3DB921D790B7900A1B27B /* Build configuration list for PBXNativeTarget "UITableView多列展示UITests" */ = {
			isa = XCConfigurationList;
			buildConfigurations = (
				A6D3DB931D790B7900A1B27B /* Debug */,
				A6D3DB941D790B7900A1B27B /* Release */,
			);
			defaultConfigurationIsVisible = 0;
		};
/* End XCConfigurationList section */
	};
	rootObject = A6D3DB571D790B7700A1B27B /* Project object */;
}
